{
  "name": "civil-server",
  "version": "0.1.0",
  "lockfileVersion": 3,
  "requires": true,
  "packages": {
    "": {
      "name": "civil-server",
      "version": "0.1.0",
      "license": "MIT",
      "dependencies": {
        "slint-ui": "^1.8.0"
      }
    },
    "node_modules/@napi-rs/cli": {
      "version": "2.18.4",
      "resolved": "https://registry.npmjs.org/@napi-rs/cli/-/cli-2.18.4.tgz",
      "integrity": "sha512-SgJeA4df9DE2iAEpr3M2H0OKl/yjtg1BnRI5/JyowS71tUWhrfSu2LT0V3vlHET+g1hBVlrO60PmEXwUEKp8Mg==",
      "license": "MIT",
      "bin": {
        "napi": "scripts/index.js"
      },
      "engines": {
        "node": ">= 10"
      },
      "funding": {
        "type": "github",
        "url": "https://github.com/sponsors/Brooooooklyn"
      }
    },
    "node_modules/@slint-ui/slint-ui-binary-darwin-arm64": {
      "version": "1.15.1",
      "resolved": "https://registry.npmjs.org/@slint-ui/slint-ui-binary-darwin-arm64/-/slint-ui-binary-darwin-arm64-1.15.1.tgz",
      "integrity": "sha512-gU2JdZjMmqleI45tJKDPouTaVKz5F/uukosbOh7rvhJamN3swt6HvB/Nshls92ed+nt9QhFhss8/NJGltmUqEQ==",
      "cpu": [
        "arm64"
      ],
      "optional": true,
      "os": [
        "darwin"
      ]
    },
    "node_modules/@slint-ui/slint-ui-binary-linux-arm64-gnu": {
      "version": "1.15.1",
      "resolved": "https://registry.npmjs.org/@slint-ui/slint-ui-binary-linux-arm64-gnu/-/slint-ui-binary-linux-arm64-gnu-1.15.1.tgz",
      "integrity": "sha512-Ebibri6zHEoJeuOLCgX6IwfuFAUmzSYnh0GGOdpiNzk4NlhSo0zA3hiDzI3P78cV/8GEVDbjqT67NwXbJHRt2g==",
      "cpu": [
        "arm64"
      ],
      "optional": true,
      "os": [
        "linux"
      ]
    },
    "node_modules/@slint-ui/slint-ui-binary-linux-x64-gnu": {
      "version": "1.15.1",
      "resolved": "https://registry.npmjs.org/@slint-ui/slint-ui-binary-linux-x64-gnu/-/slint-ui-binary-linux-x64-gnu-1.15.1.tgz",
      "integrity": "sha512-PJRr+SAird01MUKG0mfk25wUbIocJxoB0bza2SIFiZBcZikWLucwWkWDMoDD72vdD2A9L0lQL9fdJjH8Tkw2gw==",
      "cpu": [
        "x64"
      ],
      "optional": true,
      "os": [
        "linux"
      ]
    },
    "node_modules/@slint-ui/slint-ui-binary-win32-arm64-msvc": {
      "version": "1.15.1",
      "resolved": "https://registry.npmjs.org/@slint-ui/slint-ui-binary-win32-arm64-msvc/-/slint-ui-binary-win32-arm64-msvc-1.15.1.tgz",
      "integrity": "sha512-L+aGYwS+Bj3aaj2J4IA38+0W08gdb+dVINkPaqbdgv+XSoonpPas5tFpFtbGsKhGDtj3iTK44qvcT8YwIg2ejA==",
      "cpu": [
        "arm64"
      ],
      "optional": true,
      "os": [
        "win32"
      ]
    },
    "node_modules/@slint-ui/slint-ui-binary-win32-x64-msvc": {
      "version": "1.15.1",
      "resolved": "https://registry.npmjs.org/@slint-ui/slint-ui-binary-win32-x64-msvc/-/slint-ui-binary-win32-x64-msvc-1.15.1.tgz",
      "integrity": "sha512-SxVgBnPSk4xvg8HWiH+G1HnaU1cmDsNtOyfkzPbtrmdvMeArzLA2biD1zIqC/oY2xHfRNZEbt7efXJuNR0R2qg==",
      "cpu": [
        "x64"
      ],
      "optional": true,
      "os": [
        "win32"
      ]
    },
    "node_modules/slint-ui": {
      "version": "1.15.1",
      "resolved": "https://registry.npmjs.org/slint-ui/-/slint-ui-1.15.1.tgz",
      "integrity": "sha512-QwQrUFa3rJuQrZJSGrjJYXvM6ogm/hOd+MxLr+S2Wwyh9YIjXZAmwv0PeSklysqbkVfrXK3zH9fsqUlMoqU7Rg==",
      "hasInstallScript": true,
      "license": "SEE LICENSE IN LICENSE.md",
      "dependencies": {
        "@napi-rs/cli": "2.18.4"
      },
      "engines": {
        "node": ">= 10"
      },
      "optionalDependencies": {
        "@slint-ui/slint-ui-binary-darwin-arm64": "1.15.1",
        "@slint-ui/slint-ui-binary-linux-arm64-gnu": "1.15.1",
        "@slint-ui/slint-ui-binary-linux-x64-gnu": "1.15.1",
        "@slint-ui/slint-ui-binary-win32-arm64-msvc": "1.15.1",
        "@slint-ui/slint-ui-binary-win32-x64-msvc": "1.15.1"
      }
    }
  }
}
